
Microsoft Visual Studio Solution File, Format Version 12.00
# Visual Studio Version 17
VisualStudioVersion = 17.5.33414.496
MinimumVisualStudioVersion = 10.0.40219.1
Project("{FAE04EC0-301F-11D3-BF4B-00C04F79EFBC}") = "FronttoBack", "FronttoBack\FronttoBack.csproj", "{45AF74BA-ABBC-4005-A8F7-FF12AA6F0EB4}"
EndProject
Global
	GlobalSection(SolutionConfigurationPlatforms) = preSolution
		Debug|Any CPU = Debug|Any CPU
		Release|Any CPU = Release|Any CPU
	EndGlobalSection
	GlobalSection(ProjectConfigurationPlatforms) = postSolution
		{45AF74BA-ABBC-4005-A8F7-FF12AA6F0EB4}.Debug|Any CPU.ActiveCfg = Debug|Any CPU
		{45AF74BA-ABBC-4005-A8F7-FF12AA6F0EB4}.Debug|Any CPU.Build.0 = Debug|Any CPU
		{45AF74BA-ABBC-4005-A8F7-FF12AA6F0EB4}.Release|Any CPU.ActiveCfg = Release|Any CPU
		{45AF74BA-ABBC-4005-A8F7-FF12AA6F0EB4}.Release|Any CPU.Build.0 = Release|Any CPU
	EndGlobalSection
	GlobalSection(SolutionProperties) = preSolution
		HideSolutionNode = FALSE
	EndGlobalSection
	GlobalSection(ExtensibilityGlobals) = postSolution
		SolutionGuid = {2004471E-A347-459E-97B5-A362F864BC64}
	EndGlobalSection
EndGlobal
